
Microsoft Visual Studio Solution File, Format Version 10.00
# Visual Studio 2008
Project("{FAE04EC0-301F-11D3-BF4B-00C04F79EFBC}") = "AGS.Plugin.Notes", "Notes\AGS.Plugin.Notes.csproj", "{81948B1B-28D4-4746-A81C-1ABEE2F2D6DA}"
EndProject
Global
	GlobalSection(SolutionConfigurationPlatforms) = preSolution
		Debug|Any CPU = Debug|Any CPU
		Release|Any CPU = Release|Any CPU
	EndGlobalSection
	GlobalSection(ProjectConfigurationPlatforms) = postSolution
		{81948B1B-28D4-4746-A81C-1ABEE2F2D6DA}.Debug|Any CPU.ActiveCfg = Debug|Any CPU
		{81948B1B-28D4-4746-A81C-1ABEE2F2D6DA}.Debug|Any CPU.Build.0 = Debug|Any CPU
		{81948B1B-28D4-4746-A81C-1ABEE2F2D6DA}.Release|Any CPU.ActiveCfg = Release|Any CPU
		{81948B1B-28D4-4746-A81C-1ABEE2F2D6DA}.Release|Any CPU.Build.0 = Release|Any CPU
	EndGlobalSection
	GlobalSection(SolutionProperties) = preSolution
		HideSolutionNode = FALSE
	EndGlobalSection
EndGlobal
